// !$*UTF8*$!
{
	archiveVersion = 1;
	classes = {
	};
	objectVersion = 46;
	objects = {

/* Begin PBXBuildFile section */
		EA041C611C39AFBC00ABD206 /* AppDelegate.swift in Sources */ = {isa = PBXBuildFile; fileRef = EA041C601C39AFBC00ABD206 /* AppDelegate.swift */; };
		EA041C631C39AFBC00ABD206 /* ViewController.swift in Sources */ = {isa = PBXBuildFile; fileRef = EA041C621C39AFBC00ABD206 /* ViewController.swift */; };
		EA041C661C39AFBC00ABD206 /* Main.storyboard in Resources */ = {isa = PBXBuildFile; fileRef = EA041C641C39AFBC00ABD206 /* Main.storyboard */; };
		EA041C681C39AFBC00ABD206 /* Assets.xcassets in Resources */ = {isa = PBXBuildFile; fileRef = EA041C671C39AFBC00ABD206 /* Assets.xcassets */; };
		EA041C6B1C39AFBC00ABD206 /* LaunchScreen.storyboard in Resources */ = {isa = PBXBuildFile; fileRef = EA041C691C39AFBC00ABD206 /* LaunchScreen.storyboard */; };
/* End PBXBuildFile section */

/* Begin PBXFileReference section */
		EA041C5D1C39AFBC00ABD206 /* Hamburguesas2.app */ = {isa = PBXFileReference; explicitFileType = wrapper.application; includeInIndex = 0; path = Hamburguesas2.app; sourceTree = BUILT_PRODUCTS_DIR; };
		EA041C601C39AFBC00ABD206 /* AppDelegate.swift */ = {isa = PBXFileReference; lastKnownFileType = sourcecode.swift; path = AppDelegate.swift; sourceTree = "<group>"; };
		EA041C621C39AFBC00ABD206 /* ViewController.swift */ = {isa = PBXFileReference; lastKnownFileType = sourcecode.swift; path = ViewController.swift; sourceTree = "<group>"; };
		EA041C651C39AFBC00ABD206 /* Base */ = {isa = PBXFileReference; lastKnownFileType = file.storyboard; name = Base; path = Base.lproj/Main.storyboard; sourceTree = "<group>"; };
		EA041C671C39AFBC00ABD206 /* Assets.xcassets */ = {isa = PBXFileReference; lastKnownFileType = folder.assetcatalog; path = Assets.xcassets; sourceTree = "<group>"; };
		EA041C6A1C39AFBC00ABD206 /* Base */ = {isa = PBXFileReference; lastKnownFileType = file.storyboard; name = Base; path = Base.lproj/LaunchScreen.storyboard; sourceTree = "<group>"; };
		EA041C6C1C39AFBC00ABD206 /* Info.plist */ = {isa = PBXFileReference; lastKnownFileType = text.plist.xml; path = Info.plist; sourceTree = "<group>"; };
/* End PBXFileReference section */

/* Begin PBXFrameworksBuildPhase section */
		EA041C5A1C39AFBC00ABD206 /* Frameworks */ = {
			isa = PBXFrameworksBuildPhase;
			buildActionMask = 2147483647;
			files = (
			);
			runOnlyForDeploymentPostprocessing = 0;
		};
/* End PBXFrameworksBuildPhase section */

/* Begin PBXGroup section */
		EA041C541C39AFBC00ABD206 = {
			isa = PBXGroup;
			children = (
				EA041C5F1C39AFBC00ABD206 /* Hamburguesas2 */,
				EA041C5E1C39AFBC00ABD206 /* Products */,
			);
			sourceTree = "<group>";
		};
		EA041C5E1C39AFBC00ABD206 /* Products */ = {
			isa = PBXGroup;
			children = (
				EA041C5D1C39AFBC00ABD206 /* Hamburguesas2.app */,
			);
			name = Products;
			sourceTree = "<group>";
		};
		EA041C5F1C39AFBC00ABD206 /* Hamburguesas2 */ = {
			isa = PBXGroup;
			children = (
				EA041C601C39AFBC00ABD206 /* AppDelegate.swift */,
				EA041C621C39AFBC00ABD206 /* ViewController.swift */,
				EA041C641C39AFBC00ABD206 /* Main.storyboard */,
				EA041C671C39AFBC00ABD206 /* Assets.xcassets */,
				EA041C691C39AFBC00ABD206 /* LaunchScreen.storyboard */,
				EA041C6C1C39AFBC00ABD206 /* Info.plist */,
			);
			path = Hamburguesas2;
			sourceTree = "<group>";
		};
/* End PBXGroup section */

/* Begin PBXNativeTarget section */
		EA041C5C1C39AFBC00ABD206 /* Hamburguesas2 */ = {
			isa = PBXNativeTarget;
			buildConfigurationList = EA041C6F1C39AFBC00ABD206 /* Build configuration list for PBXNativeTarget "Hamburguesas2" */;
			buildPhases = (
				EA041C591C39AFBC00ABD206 /* Sources */,
				EA041C5A1C39AFBC00ABD206 /* Frameworks */,
				EA041C5B1C39AFBC00ABD206 /* Resources */,
			);
			buildRules = (
			);
			dependencies = (
			);
			name = Hamburguesas2;
			productName = Hamburguesas2;
			productReference = EA041C5D1C39AFBC00ABD206 /* Hamburguesas2.app */;
			productType = "com.apple.product-type.application";
		};
/* End PBXNativeTarget section */

/* Begin PBXProject section */
		EA041C551C39AFBC00ABD206 /* Project object */ = {
			isa = PBXProject;
			attributes = {
				LastSwiftUpdateCheck = 0720;
				LastUpgradeCheck = 0720;
				ORGANIZATIONNAME = "Willians Jimenez";
				TargetAttributes = {
					EA041C5C1C39AFBC00ABD206 = {
						CreatedOnToolsVersion = 7.2;
					};
				};
			};
			buildConfigurationList = EA041C581C39AFBC00ABD206 /* Build configuration list for PBXProject "Hamburguesas2" */;
			compatibilityVersion = "Xcode 3.2";
			developmentRegion = English;
			hasScannedForEncodings = 0;
			knownRegions = (
				en,
				Base,
			);
			mainGroup = EA041C541C39AFBC00ABD206;
			productRefGroup = EA041C5E1C39AFBC00ABD206 /* Products */;
			projectDirPath = "";
			projectRoot = "";
			targets = (
				EA041C5C1C39AFBC00ABD206 /* Hamburguesas2 */,
			);
		};
/* End PBXProject section */

/* Begin PBXResourcesBuildPhase section */
		EA041C5B1C39AFBC00ABD206 /* Resources */ = {
			isa = PBXResourcesBuildPhase;
			buildActionMask = 2147483647;
			files = (
				EA041C6B1C39AFBC00ABD206 /* LaunchScreen.storyboard in Resources */,
				EA041C681C39AFBC00ABD206 /* Assets.xcassets in Resources */,
				EA041C661C39AFBC00ABD206 /* Main.storyboard in Resources */,
			);
			runOnlyForDeploymentPostprocessing = 0;
		};
/* End PBXResourcesBuildPhase section */

/* Begin PBXSourcesBuildPhase section */
		EA041C591C39AFBC00ABD206 /* Sources */ = {
			isa = PBXSourcesBuildPhase;
			buildActionMask = 2147483647;
			files = (
				EA041C631C39AFBC00ABD206 /* ViewController.swift in Sources */,
				EA041C611C39AFBC00ABD206 /* AppDelegate.swift in Sources */,
			);
			runOnlyForDeploymentPostprocessing = 0;
		};
/* End PBXSourcesBuildPhase section */

/* Begin PBXVariantGroup section */
		EA041C641C39AFBC00ABD206 /* Main.storyboard */ = {
			isa = PBXVariantGroup;
			children = (
				EA041C651C39AFBC00ABD206 /* Base */,
			);
			name = Main.storyboard;
			sourceTree = "<group>";
		};
		EA041C691C39AFBC00ABD206 /* LaunchScreen.storyboard */ = {
			isa = PBXVariantGroup;
			children = (
				EA041C6A1C39AFBC00ABD206 /* Base */,
			);
			name = LaunchScreen.storyboard;
			sourceTree = "<group>";
		};
/* End PBXVariantGroup section */

/* Begin XCBuildConfiguration section */
		EA041C6D1C39AFBC00ABD206 /* Debug */ = {
			isa = XCBuildConfiguration;
			buildSettings = {
				ALWAYS_SEARCH_USER_PATHS = NO;
				CLANG_CXX_LANGUAGE_STANDARD = "gnu++0x";
				CLANG_CXX_LIBRARY = "libc++";
				CLANG_ENABLE_MODULES = YES;
				CLANG_ENABLE_OBJC_ARC = YES;
				CLANG_WARN_BOOL_CONVERSION = YES;
				CLANG_WARN_CONSTANT_CONVERSION = YES;
				CLANG_WARN_DIRECT_OBJC_ISA_USAGE = YES_ERROR;
				CLANG_WARN_EMPTY_BODY = YES;
				CLANG_WARN_ENUM_CONVERSION = YES;
				CLANG_WARN_INT_CONVERSION = YES;
				CLANG_WARN_OBJC_ROOT_CLASS = YES_ERROR;
				CLANG_WARN_UNREACHABLE_CODE = YES;
				CLANG_WARN__DUPLICATE_METHOD_MATCH = YES;
				"CODE_SIGN_IDENTITY[sdk=iphoneos*]" = "iPhone Developer";
				COPY_PHASE_STRIP = NO;
				DEBUG_INFORMATION_FORMAT = dwarf;
				ENABLE_STRICT_OBJC_MSGSEND = YES;
				ENABLE_TESTABILITY = YES;
				GCC_C_LANGUAGE_STANDARD = gnu99;
				GCC_DYNAMIC_NO_PIC = NO;
				GCC_NO_COMMON_BLOCKS = YES;
				GCC_OPTIMIZATION_LEVEL = 0;
				GCC_PREPROCESSOR_DEFINITIONS = (
					"DEBUG=1",
					"$(inherited)",
				);
				GCC_WARN_64_TO_32_BIT_CONVERSION = YES;
				GCC_WARN_ABOUT_RETURN_TYPE = YES_ERROR;
				GCC_WARN_UNDECLARED_SELECTOR = YES;
				GCC_WARN_UNINITIALIZED_AUTOS = YES_AGGRESSIVE;
				GCC_WARN_UNUSED_FUNCTION = YES;
				GCC_WARN_UNUSED_VARIABLE = YES;
				IPHONEOS_DEPLOYMENT_TARGET = 9.2;
				MTL_ENABLE_DEBUG_INFO = YES;
				ONLY_ACTIVE_ARCH = YES;
				SDKROOT = iphoneos;
				SWIFT_OPTIMIZATION_LEVEL = "-Onone";
			};
			name = Debug;
		};
		EA041C6E1C39AFBC00ABD206 /* Release */ = {
			isa = XCBuildConfiguration;
			buildSettings = {
				ALWAYS_SEARCH_USER_PATHS = NO;
				CLANG_CXX_LANGUAGE_STANDARD = "gnu++0x";
				CLANG_CXX_LIBRARY = "libc++";
				CLANG_ENABLE_MODULES = YES;
				CLANG_ENABLE_OBJC_ARC = YES;
				CLANG_WARN_BOOL_CONVERSION = YES;
				CLANG_WARN_CONSTANT_CONVERSION = YES;
				CLANG_WARN_DIRECT_OBJC_ISA_USAGE = YES_ERROR;
				CLANG_WARN_EMPTY_BODY = YES;
				CLANG_WARN_ENUM_CONVERSION = YES;
				CLANG_WARN_INT_CONVERSION = YES;
				CLANG_WARN_OBJC_ROOT_CLASS = YES_ERROR;
				CLANG_WARN_UNREACHABLE_CODE = YES;
				CLANG_WARN__DUPLICATE_METHOD_MATCH = YES;
				"CODE_SIGN_IDENTITY[sdk=iphoneos*]" = "iPhone Developer";
				COPY_PHASE_STRIP = NO;
				DEBUG_INFORMATION_FORMAT = "dwarf-with-dsym";
				ENABLE_NS_ASSERTIONS = NO;
				ENABLE_STRICT_OBJC_MSGSEND = YES;
				GCC_C_LANGUAGE_STANDARD = gnu99;
				GCC_NO_COMMON_BLOCKS = YES;
				GCC_WARN_64_TO_32_BIT_CONVERSION = YES;
				GCC_WARN_ABOUT_RETURN_TYPE = YES_ERROR;
				GCC_WARN_UNDECLARED_SELECTOR = YES;
				GCC_WARN_UNINITIALIZED_AUTOS = YES_AGGRESSIVE;
				GCC_WARN_UNUSED_FUNCTION = YES;
				GCC_WARN_UNUSED_VARIABLE = YES;
				IPHONEOS_DEPLOYMENT_TARGET = 9.2;
				MTL_ENABLE_DEBUG_INFO = NO;
				SDKROOT = iphoneos;
				VALIDATE_PRODUCT = YES;
			};
			name = Release;
		};
		EA041C701C39AFBC00ABD206 /* Debug */ = {
			isa = XCBuildConfiguration;
			buildSettings = {
				ASSETCATALOG_COMPILER_APPICON_NAME = AppIcon;
				INFOPLIST_FILE = Hamburguesas2/Info.plist;
				LD_RUNPATH_SEARCH_PATHS = "$(inherited) @executable_path/Frameworks";
				PRODUCT_BUNDLE_IDENTIFIER = com.jimenez.Hamburguesas2;
				PRODUCT_NAME = "$(TARGET_NAME)";
			};
			name = Debug;
		};
		EA041C711C39AFBC00ABD206 /* Release */ = {
			isa = XCBuildConfiguration;
			buildSettings = {
				ASSETCATALOG_COMPILER_APPICON_NAME = AppIcon;
				INFOPLIST_FILE = Hamburguesas2/Info.plist;
				LD_RUNPATH_SEARCH_PATHS = "$(inherited) @executable_path/Frameworks";
				PRODUCT_BUNDLE_IDENTIFIER = com.jimenez.Hamburguesas2;
				PRODUCT_NAME = "$(TARGET_NAME)";
			};
			name = Release;
		};
/* End XCBuildConfiguration section */

/* Begin XCConfigurationList section */
		EA041C581C39AFBC00ABD206 /* Build configuration list for PBXProject "Hamburguesas2" */ = {
			isa = XCConfigurationList;
			buildConfigurations = (
				EA041C6D1C39AFBC00ABD206 /* Debug */,
				EA041C6E1C39AFBC00ABD206 /* Release */,
			);
			defaultConfigurationIsVisible = 0;
			defaultConfigurationName = Release;
		};
		EA041C6F1C39AFBC00ABD206 /* Build configuration list for PBXNativeTarget "Hamburguesas2" */ = {
			isa = XCConfigurationList;
			buildConfigurations = (
				EA041C701C39AFBC00ABD206 /* Debug */,
				EA041C711C39AFBC00ABD206 /* Release */,
			);
			defaultConfigurationIsVisible = 0;
		};
/* End XCConfigurationList section */
	};
	rootObject = EA041C551C39AFBC00ABD206 /* Project object */;
}
